
Microsoft Visual Studio Solution File, Format Version 12.00
# Visual Studio Version 17
VisualStudioVersion = 17.14.37628.2 d17.14
MinimumVisualStudioVersion = 10.0.40219.1
Project("{FAE04EC0-301F-11D3-BF4B-00C04F79EFBC}") = "rsp", "rsp.csproj", "{2FD4EBEB-E0BD-44E2-AFF4-47A4B760EAB7}"
EndProject
Global
	GlobalSection(SolutionConfigurationPlatforms) = preSolution
		Debug|Any CPU = Debug|Any CPU
		Release|Any CPU = Release|Any CPU
	EndGlobalSection
	GlobalSection(ProjectConfigurationPlatforms) = postSolution
		{2FD4EBEB-E0BD-44E2-AFF4-47A4B760EAB7}.Debug|Any CPU.ActiveCfg = Debug|Any CPU
		{2FD4EBEB-E0BD-44E2-AFF4-47A4B760EAB7}.Debug|Any CPU.Build.0 = Debug|Any CPU
		{2FD4EBEB-E0BD-44E2-AFF4-47A4B760EAB7}.Release|Any CPU.ActiveCfg = Release|Any CPU
		{2FD4EBEB-E0BD-44E2-AFF4-47A4B760EAB7}.Release|Any CPU.Build.0 = Release|Any CPU
	EndGlobalSection
	GlobalSection(SolutionProperties) = preSolution
		HideSolutionNode = FALSE
	EndGlobalSection
	GlobalSection(ExtensibilityGlobals) = postSolution
		SolutionGuid = {D75F2BB9-9AB2-4841-8D4F-6A39552EC488}
	EndGlobalSection
EndGlobal
